
Microsoft Visual Studio Solution File, Format Version 12.00
# Visual Studio 2013
VisualStudioVersion = 12.0.21005.1
MinimumVisualStudioVersion = 10.0.40219.1
Project("{FAE04EC0-301F-11D3-BF4B-00C04F79EFBC}") = "2encoding_sum", "encoding_sum\2encoding_sum.csproj", "{DDABF018-C3EA-4614-BAC3-6D37F5CF9F53}"
EndProject
Project("{FAE04EC0-301F-11D3-BF4B-00C04F79EFBC}") = "1money", "money\1money.csproj", "{EE5E0251-79E7-4205-9FB9-B4AA3860BCD4}"
EndProject
Project("{FAE04EC0-301F-11D3-BF4B-00C04F79EFBC}") = "3maslan", "maslan\3maslan.csproj", "{D878498B-1E64-490D-913B-10A1C58595C0}"
EndProject
Project("{FAE04EC0-301F-11D3-BF4B-00C04F79EFBC}") = "4cube", "cube\4cube.csproj", "{ED5A7B2A-ED74-45CD-BEB9-B147B9FD3298}"
EndProject
Project("{FAE04EC0-301F-11D3-BF4B-00C04F79EFBC}") = "5sequence", "sequence\5sequence.csproj", "{EC3D03AE-5AE7-4B6B-8B95-A1571D86E900}"
EndProject
Global
	GlobalSection(SolutionConfigurationPlatforms) = preSolution
		Debug|Any CPU = Debug|Any CPU
		Release|Any CPU = Release|Any CPU
	EndGlobalSection
	GlobalSection(ProjectConfigurationPlatforms) = postSolution
		{DDABF018-C3EA-4614-BAC3-6D37F5CF9F53}.Debug|Any CPU.ActiveCfg = Debug|Any CPU
		{DDABF018-C3EA-4614-BAC3-6D37F5CF9F53}.Debug|Any CPU.Build.0 = Debug|Any CPU
		{DDABF018-C3EA-4614-BAC3-6D37F5CF9F53}.Release|Any CPU.ActiveCfg = Release|Any CPU
		{DDABF018-C3EA-4614-BAC3-6D37F5CF9F53}.Release|Any CPU.Build.0 = Release|Any CPU
		{EE5E0251-79E7-4205-9FB9-B4AA3860BCD4}.Debug|Any CPU.ActiveCfg = Debug|Any CPU
		{EE5E0251-79E7-4205-9FB9-B4AA3860BCD4}.Debug|Any CPU.Build.0 = Debug|Any CPU
		{EE5E0251-79E7-4205-9FB9-B4AA3860BCD4}.Release|Any CPU.ActiveCfg = Release|Any CPU
		{EE5E0251-79E7-4205-9FB9-B4AA3860BCD4}.Release|Any CPU.Build.0 = Release|Any CPU
		{D878498B-1E64-490D-913B-10A1C58595C0}.Debug|Any CPU.ActiveCfg = Debug|Any CPU
		{D878498B-1E64-490D-913B-10A1C58595C0}.Debug|Any CPU.Build.0 = Debug|Any CPU
		{D878498B-1E64-490D-913B-10A1C58595C0}.Release|Any CPU.ActiveCfg = Release|Any CPU
		{D878498B-1E64-490D-913B-10A1C58595C0}.Release|Any CPU.Build.0 = Release|Any CPU
		{ED5A7B2A-ED74-45CD-BEB9-B147B9FD3298}.Debug|Any CPU.ActiveCfg = Debug|Any CPU
		{ED5A7B2A-ED74-45CD-BEB9-B147B9FD3298}.Debug|Any CPU.Build.0 = Debug|Any CPU
		{ED5A7B2A-ED74-45CD-BEB9-B147B9FD3298}.Release|Any CPU.ActiveCfg = Release|Any CPU
		{ED5A7B2A-ED74-45CD-BEB9-B147B9FD3298}.Release|Any CPU.Build.0 = Release|Any CPU
		{EC3D03AE-5AE7-4B6B-8B95-A1571D86E900}.Debug|Any CPU.ActiveCfg = Debug|Any CPU
		{EC3D03AE-5AE7-4B6B-8B95-A1571D86E900}.Debug|Any CPU.Build.0 = Debug|Any CPU
		{EC3D03AE-5AE7-4B6B-8B95-A1571D86E900}.Release|Any CPU.ActiveCfg = Release|Any CPU
		{EC3D03AE-5AE7-4B6B-8B95-A1571D86E900}.Release|Any CPU.Build.0 = Release|Any CPU
	EndGlobalSection
	GlobalSection(SolutionProperties) = preSolution
		HideSolutionNode = FALSE
	EndGlobalSection
EndGlobal
