
Microsoft Visual Studio Solution File, Format Version 12.00
# Visual Studio 14
VisualStudioVersion = 14.0.23107.0
MinimumVisualStudioVersion = 10.0.40219.1
Project("{2150E333-8FDC-42A3-9474-1A3956D46DE8}") = "Data", "Data", "{0EB3E48B-8890-46B3-8BB7-D41197FA8890}"
EndProject
Project("{2150E333-8FDC-42A3-9474-1A3956D46DE8}") = "Services", "Services", "{64C1DCBE-8192-4AE6-A4B4-79B6A2147F7C}"
EndProject
Project("{2150E333-8FDC-42A3-9474-1A3956D46DE8}") = "Web", "Web", "{0C35BAB1-BE2C-4C36-9A42-9E3BA6CA7FA3}"
EndProject
Project("{2150E333-8FDC-42A3-9474-1A3956D46DE8}") = "Tests", "Tests", "{B27D2019-3A37-4223-AA7A-E6ACD75A52A3}"
EndProject
Project("{FAE04EC0-301F-11D3-BF4B-00C04F79EFBC}") = "Exam.Data.Models", "Data\Exam.Data.Models\Exam.Data.Models.csproj", "{FD27C53E-C5CA-43E4-A8C6-E36F1DF91B9B}"
EndProject
Project("{FAE04EC0-301F-11D3-BF4B-00C04F79EFBC}") = "Exam.Data", "Data\Exam.Data\Exam.Data.csproj", "{C045DA46-7047-42FC-933D-4761628DD674}"
EndProject
Project("{FAE04EC0-301F-11D3-BF4B-00C04F79EFBC}") = "Exam.Services.Data", "Services\Exam.Services.Data\Exam.Services.Data.csproj", "{8AF48AEF-D935-4D6C-8332-191A194D3606}"
EndProject
Project("{FAE04EC0-301F-11D3-BF4B-00C04F79EFBC}") = "Exam.Web.Wcf", "Web\Exam.Web.Wcf\Exam.Web.Wcf.csproj", "{5763FAF5-B5A3-4C8B-833F-115DD288ECBE}"
EndProject
Project("{FAE04EC0-301F-11D3-BF4B-00C04F79EFBC}") = "Exam.Tests", "Tests\Exam.Tests\Exam.Tests.csproj", "{2CE71D76-B5C2-4B08-B02F-D4A7C6547676}"
EndProject
Project("{FAE04EC0-301F-11D3-BF4B-00C04F79EFBC}") = "Exam.Common", "Common\Exam.Common\Exam.Common.csproj", "{E1E941FD-F221-4364-A444-D2BB1B93F487}"
EndProject
Project("{2150E333-8FDC-42A3-9474-1A3956D46DE8}") = "Common", "Common", "{6E4891A6-001C-4440-958D-8EC398413C65}"
EndProject
Project("{FAE04EC0-301F-11D3-BF4B-00C04F79EFBC}") = "Exam.Web.Api", "Web\Exam.Web.Api\Exam.Web.Api.csproj", "{5AB977A3-7ED2-4BBE-8C09-9FC95D7374E1}"
EndProject
Global
	GlobalSection(SolutionConfigurationPlatforms) = preSolution
		Debug|Any CPU = Debug|Any CPU
		Release|Any CPU = Release|Any CPU
	EndGlobalSection
	GlobalSection(ProjectConfigurationPlatforms) = postSolution
		{FD27C53E-C5CA-43E4-A8C6-E36F1DF91B9B}.Debug|Any CPU.ActiveCfg = Debug|Any CPU
		{FD27C53E-C5CA-43E4-A8C6-E36F1DF91B9B}.Debug|Any CPU.Build.0 = Debug|Any CPU
		{FD27C53E-C5CA-43E4-A8C6-E36F1DF91B9B}.Release|Any CPU.ActiveCfg = Release|Any CPU
		{FD27C53E-C5CA-43E4-A8C6-E36F1DF91B9B}.Release|Any CPU.Build.0 = Release|Any CPU
		{C045DA46-7047-42FC-933D-4761628DD674}.Debug|Any CPU.ActiveCfg = Debug|Any CPU
		{C045DA46-7047-42FC-933D-4761628DD674}.Debug|Any CPU.Build.0 = Debug|Any CPU
		{C045DA46-7047-42FC-933D-4761628DD674}.Release|Any CPU.ActiveCfg = Release|Any CPU
		{C045DA46-7047-42FC-933D-4761628DD674}.Release|Any CPU.Build.0 = Release|Any CPU
		{8AF48AEF-D935-4D6C-8332-191A194D3606}.Debug|Any CPU.ActiveCfg = Debug|Any CPU
		{8AF48AEF-D935-4D6C-8332-191A194D3606}.Debug|Any CPU.Build.0 = Debug|Any CPU
		{8AF48AEF-D935-4D6C-8332-191A194D3606}.Release|Any CPU.ActiveCfg = Release|Any CPU
		{8AF48AEF-D935-4D6C-8332-191A194D3606}.Release|Any CPU.Build.0 = Release|Any CPU
		{5763FAF5-B5A3-4C8B-833F-115DD288ECBE}.Debug|Any CPU.ActiveCfg = Debug|Any CPU
		{5763FAF5-B5A3-4C8B-833F-115DD288ECBE}.Debug|Any CPU.Build.0 = Debug|Any CPU
		{5763FAF5-B5A3-4C8B-833F-115DD288ECBE}.Release|Any CPU.ActiveCfg = Release|Any CPU
		{5763FAF5-B5A3-4C8B-833F-115DD288ECBE}.Release|Any CPU.Build.0 = Release|Any CPU
		{2CE71D76-B5C2-4B08-B02F-D4A7C6547676}.Debug|Any CPU.ActiveCfg = Debug|Any CPU
		{2CE71D76-B5C2-4B08-B02F-D4A7C6547676}.Debug|Any CPU.Build.0 = Debug|Any CPU
		{2CE71D76-B5C2-4B08-B02F-D4A7C6547676}.Release|Any CPU.ActiveCfg = Release|Any CPU
		{2CE71D76-B5C2-4B08-B02F-D4A7C6547676}.Release|Any CPU.Build.0 = Release|Any CPU
		{E1E941FD-F221-4364-A444-D2BB1B93F487}.Debug|Any CPU.ActiveCfg = Debug|Any CPU
		{E1E941FD-F221-4364-A444-D2BB1B93F487}.Debug|Any CPU.Build.0 = Debug|Any CPU
		{E1E941FD-F221-4364-A444-D2BB1B93F487}.Release|Any CPU.ActiveCfg = Release|Any CPU
		{E1E941FD-F221-4364-A444-D2BB1B93F487}.Release|Any CPU.Build.0 = Release|Any CPU
		{5AB977A3-7ED2-4BBE-8C09-9FC95D7374E1}.Debug|Any CPU.ActiveCfg = Debug|Any CPU
		{5AB977A3-7ED2-4BBE-8C09-9FC95D7374E1}.Debug|Any CPU.Build.0 = Debug|Any CPU
		{5AB977A3-7ED2-4BBE-8C09-9FC95D7374E1}.Release|Any CPU.ActiveCfg = Release|Any CPU
		{5AB977A3-7ED2-4BBE-8C09-9FC95D7374E1}.Release|Any CPU.Build.0 = Release|Any CPU
	EndGlobalSection
	GlobalSection(SolutionProperties) = preSolution
		HideSolutionNode = FALSE
	EndGlobalSection
	GlobalSection(NestedProjects) = preSolution
		{FD27C53E-C5CA-43E4-A8C6-E36F1DF91B9B} = {0EB3E48B-8890-46B3-8BB7-D41197FA8890}
		{C045DA46-7047-42FC-933D-4761628DD674} = {0EB3E48B-8890-46B3-8BB7-D41197FA8890}
		{8AF48AEF-D935-4D6C-8332-191A194D3606} = {64C1DCBE-8192-4AE6-A4B4-79B6A2147F7C}
		{5763FAF5-B5A3-4C8B-833F-115DD288ECBE} = {0C35BAB1-BE2C-4C36-9A42-9E3BA6CA7FA3}
		{2CE71D76-B5C2-4B08-B02F-D4A7C6547676} = {B27D2019-3A37-4223-AA7A-E6ACD75A52A3}
		{E1E941FD-F221-4364-A444-D2BB1B93F487} = {6E4891A6-001C-4440-958D-8EC398413C65}
		{5AB977A3-7ED2-4BBE-8C09-9FC95D7374E1} = {0C35BAB1-BE2C-4C36-9A42-9E3BA6CA7FA3}
	EndGlobalSection
EndGlobal
