
Microsoft Visual Studio Solution File, Format Version 12.00
# Visual Studio 2013
VisualStudioVersion = 12.0.21005.1
MinimumVisualStudioVersion = 10.0.40219.1
Project("{FAE04EC0-301F-11D3-BF4B-00C04F79EFBC}") = "1.FillTheMatrix", "1.FillTheMatrix\1.FillTheMatrix.csproj", "{BC54F2F7-9EA2-4127-A332-E7E87A7323E7}"
EndProject
Project("{FAE04EC0-301F-11D3-BF4B-00C04F79EFBC}") = "2.MaximalSum", "2.MaximalSum\2.MaximalSum.csproj", "{486FD02A-E559-4531-8898-AD2440C3A17E}"
EndProject
Project("{FAE04EC0-301F-11D3-BF4B-00C04F79EFBC}") = "3.SequenceOfNMatrix", "3.SequenceOfNMatrix\3.SequenceOfNMatrix.csproj", "{CC86BCAE-F02E-41E0-B3B8-2B24C203C563}"
EndProject
Project("{FAE04EC0-301F-11D3-BF4B-00C04F79EFBC}") = "4.BinarySearch", "4.BinarySearch\4.BinarySearch.csproj", "{A58F8C2C-959A-495D-A8E4-09A94F253312}"
EndProject
Project("{FAE04EC0-301F-11D3-BF4B-00C04F79EFBC}") = "5.SortByStrLength", "5.SortByStrLength\5.SortByStrLength.csproj", "{4BF01E65-2425-4761-9CCB-DD9282F2920F}"
EndProject
Project("{FAE04EC0-301F-11D3-BF4B-00C04F79EFBC}") = "6.MatrixClass", "6.MatrixClass\6.MatrixClass.csproj", "{E8B714B2-1EF3-4EE6-AA38-7B933A03C59C}"
EndProject
Project("{FAE04EC0-301F-11D3-BF4B-00C04F79EFBC}") = "7.LargestAreaInMatrix", "7.LargestAreaInMatrix\7.LargestAreaInMatrix.csproj", "{FB40F96F-2CF5-47EF-BB41-358FDCC74A7A}"
EndProject
Global
	GlobalSection(SolutionConfigurationPlatforms) = preSolution
		Debug|Any CPU = Debug|Any CPU
		Release|Any CPU = Release|Any CPU
	EndGlobalSection
	GlobalSection(ProjectConfigurationPlatforms) = postSolution
		{BC54F2F7-9EA2-4127-A332-E7E87A7323E7}.Debug|Any CPU.ActiveCfg = Debug|Any CPU
		{BC54F2F7-9EA2-4127-A332-E7E87A7323E7}.Debug|Any CPU.Build.0 = Debug|Any CPU
		{BC54F2F7-9EA2-4127-A332-E7E87A7323E7}.Release|Any CPU.ActiveCfg = Release|Any CPU
		{BC54F2F7-9EA2-4127-A332-E7E87A7323E7}.Release|Any CPU.Build.0 = Release|Any CPU
		{486FD02A-E559-4531-8898-AD2440C3A17E}.Debug|Any CPU.ActiveCfg = Debug|Any CPU
		{486FD02A-E559-4531-8898-AD2440C3A17E}.Debug|Any CPU.Build.0 = Debug|Any CPU
		{486FD02A-E559-4531-8898-AD2440C3A17E}.Release|Any CPU.ActiveCfg = Release|Any CPU
		{486FD02A-E559-4531-8898-AD2440C3A17E}.Release|Any CPU.Build.0 = Release|Any CPU
		{CC86BCAE-F02E-41E0-B3B8-2B24C203C563}.Debug|Any CPU.ActiveCfg = Debug|Any CPU
		{CC86BCAE-F02E-41E0-B3B8-2B24C203C563}.Debug|Any CPU.Build.0 = Debug|Any CPU
		{CC86BCAE-F02E-41E0-B3B8-2B24C203C563}.Release|Any CPU.ActiveCfg = Release|Any CPU
		{CC86BCAE-F02E-41E0-B3B8-2B24C203C563}.Release|Any CPU.Build.0 = Release|Any CPU
		{A58F8C2C-959A-495D-A8E4-09A94F253312}.Debug|Any CPU.ActiveCfg = Debug|Any CPU
		{A58F8C2C-959A-495D-A8E4-09A94F253312}.Debug|Any CPU.Build.0 = Debug|Any CPU
		{A58F8C2C-959A-495D-A8E4-09A94F253312}.Release|Any CPU.ActiveCfg = Release|Any CPU
		{A58F8C2C-959A-495D-A8E4-09A94F253312}.Release|Any CPU.Build.0 = Release|Any CPU
		{4BF01E65-2425-4761-9CCB-DD9282F2920F}.Debug|Any CPU.ActiveCfg = Debug|Any CPU
		{4BF01E65-2425-4761-9CCB-DD9282F2920F}.Debug|Any CPU.Build.0 = Debug|Any CPU
		{4BF01E65-2425-4761-9CCB-DD9282F2920F}.Release|Any CPU.ActiveCfg = Release|Any CPU
		{4BF01E65-2425-4761-9CCB-DD9282F2920F}.Release|Any CPU.Build.0 = Release|Any CPU
		{E8B714B2-1EF3-4EE6-AA38-7B933A03C59C}.Debug|Any CPU.ActiveCfg = Debug|Any CPU
		{E8B714B2-1EF3-4EE6-AA38-7B933A03C59C}.Debug|Any CPU.Build.0 = Debug|Any CPU
		{E8B714B2-1EF3-4EE6-AA38-7B933A03C59C}.Release|Any CPU.ActiveCfg = Release|Any CPU
		{E8B714B2-1EF3-4EE6-AA38-7B933A03C59C}.Release|Any CPU.Build.0 = Release|Any CPU
		{FB40F96F-2CF5-47EF-BB41-358FDCC74A7A}.Debug|Any CPU.ActiveCfg = Debug|Any CPU
		{FB40F96F-2CF5-47EF-BB41-358FDCC74A7A}.Debug|Any CPU.Build.0 = Debug|Any CPU
		{FB40F96F-2CF5-47EF-BB41-358FDCC74A7A}.Release|Any CPU.ActiveCfg = Release|Any CPU
		{FB40F96F-2CF5-47EF-BB41-358FDCC74A7A}.Release|Any CPU.Build.0 = Release|Any CPU
	EndGlobalSection
	GlobalSection(SolutionProperties) = preSolution
		HideSolutionNode = FALSE
	EndGlobalSection
EndGlobal
