
Microsoft Visual Studio Solution File, Format Version 12.00
# Visual Studio 2013
VisualStudioVersion = 12.0.21005.1
MinimumVisualStudioVersion = 10.0.40219.1
Project("{FAE04EC0-301F-11D3-BF4B-00C04F79EFBC}") = "1.allocate_arrays", "1.allocate_arrays\1.allocate_arrays.csproj", "{9FFAB45E-A473-499A-9A08-A1693FCBA259}"
EndProject
Project("{FAE04EC0-301F-11D3-BF4B-00C04F79EFBC}") = "2.compare_arrays", "2.compare_arrays\2.compare_arrays.csproj", "{95707A9E-E1EB-40A6-A1C8-DC88F5319FCD}"
EndProject
Project("{FAE04EC0-301F-11D3-BF4B-00C04F79EFBC}") = "compare_char_arrs", "compare_char_arrs\compare_char_arrs.csproj", "{07615856-7092-4D03-92A3-0932C37420BE}"
EndProject
Project("{FAE04EC0-301F-11D3-BF4B-00C04F79EFBC}") = "4.maximal_seq", "4.maximal_seq\4.maximal_seq.csproj", "{DDC24726-F320-47A5-A041-3B39826721BD}"
EndProject
Project("{FAE04EC0-301F-11D3-BF4B-00C04F79EFBC}") = "5.max_incr_seq", "5.max_incr_seq\5.max_incr_seq.csproj", "{C58F7092-681E-44E7-A2A4-E2B8832EE38F}"
EndProject
Project("{FAE04EC0-301F-11D3-BF4B-00C04F79EFBC}") = "6.max_k_sum", "6.max_k_sum\6.max_k_sum.csproj", "{1C907F8F-935B-4DEC-844B-545F939EA107}"
EndProject
Project("{FAE04EC0-301F-11D3-BF4B-00C04F79EFBC}") = "7.selection_sort", "7.selection_sort\7.selection_sort.csproj", "{4E70023C-E611-4FDE-A5F8-006F4CBC7C17}"
EndProject
Project("{FAE04EC0-301F-11D3-BF4B-00C04F79EFBC}") = "8.max_sum", "8.max_sum\8.max_sum.csproj", "{E9113F7C-701B-4FA7-AE63-DE02459FCA43}"
EndProject
Project("{FAE04EC0-301F-11D3-BF4B-00C04F79EFBC}") = "9.frequent_number", "9.frequent_number\9.frequent_number.csproj", "{A51203DA-14EE-4169-8A74-924CD06C71E8}"
EndProject
Project("{FAE04EC0-301F-11D3-BF4B-00C04F79EFBC}") = "10.find_sum_in_arr", "10.find_sum_in_arr\10.find_sum_in_arr.csproj", "{0E933CA7-AAF5-41DE-9E19-40AE440F7698}"
EndProject
Project("{FAE04EC0-301F-11D3-BF4B-00C04F79EFBC}") = "11.binary_search", "11.binary_search\11.binary_search.csproj", "{F3BE92D6-AD3C-41FF-A439-A99E32ECB8D6}"
EndProject
Project("{FAE04EC0-301F-11D3-BF4B-00C04F79EFBC}") = "12.index_of_letters", "12.index_of_letters\12.index_of_letters.csproj", "{10B5351A-D57D-45DB-A6E6-386EDC2B1CB2}"
EndProject
Project("{FAE04EC0-301F-11D3-BF4B-00C04F79EFBC}") = "13.merge_sort", "13.merge_sort\13.merge_sort.csproj", "{9C8EFB80-56A1-43C7-A4E3-73B89D4D8FDC}"
EndProject
Project("{FAE04EC0-301F-11D3-BF4B-00C04F79EFBC}") = "14.quick_sort", "14.quick_sort\14.quick_sort.csproj", "{6E94CECF-FE01-4724-93A1-F62B9ECA046E}"
EndProject
Project("{FAE04EC0-301F-11D3-BF4B-00C04F79EFBC}") = "15.prime_numbers", "15.prime_numbers\15.prime_numbers.csproj", "{2F663612-D9F8-4C55-9D0D-C0F2D4320C71}"
EndProject
Project("{FAE04EC0-301F-11D3-BF4B-00C04F79EFBC}") = "16.subset_with_sum", "16.subset_with_sum\16.subset_with_sum.csproj", "{2FA2ABF0-F277-4145-BD70-11F44CB6BB48}"
EndProject
Project("{FAE04EC0-301F-11D3-BF4B-00C04F79EFBC}") = "17.Subset_k_with_sum_s", "17.Subset_k_with_sum_s\17.Subset_k_with_sum_s.csproj", "{6FE7197D-DEE0-4541-9A02-1F85763361D3}"
EndProject
Project("{FAE04EC0-301F-11D3-BF4B-00C04F79EFBC}") = "18.remove_elemnts_from_arr", "18.remove_elemnts_from_arr\18.remove_elemnts_from_arr.csproj", "{A0005863-0CA3-4796-8151-C176255DB177}"
EndProject
Project("{FAE04EC0-301F-11D3-BF4B-00C04F79EFBC}") = "19.permutations_of_set", "19.permutations_of_set\19.permutations_of_set.csproj", "{A06A9414-FCC8-4ECE-93C0-E135F59C4A4E}"
EndProject
Project("{FAE04EC0-301F-11D3-BF4B-00C04F79EFBC}") = "20.variations_of_set", "20.variations_of_set\20.variations_of_set.csproj", "{9FA145A4-1D8E-4AE6-9F3B-6C100B89E07B}"
EndProject
Project("{FAE04EC0-301F-11D3-BF4B-00C04F79EFBC}") = "21.combinations_of_set", "21.combinations_of_set\21.combinations_of_set.csproj", "{EA57E3B6-B09F-44DF-9504-9B92C52C0F49}"
EndProject
Global
	GlobalSection(SolutionConfigurationPlatforms) = preSolution
		Debug|Any CPU = Debug|Any CPU
		Release|Any CPU = Release|Any CPU
	EndGlobalSection
	GlobalSection(ProjectConfigurationPlatforms) = postSolution
		{9FFAB45E-A473-499A-9A08-A1693FCBA259}.Debug|Any CPU.ActiveCfg = Debug|Any CPU
		{9FFAB45E-A473-499A-9A08-A1693FCBA259}.Debug|Any CPU.Build.0 = Debug|Any CPU
		{9FFAB45E-A473-499A-9A08-A1693FCBA259}.Release|Any CPU.ActiveCfg = Release|Any CPU
		{9FFAB45E-A473-499A-9A08-A1693FCBA259}.Release|Any CPU.Build.0 = Release|Any CPU
		{95707A9E-E1EB-40A6-A1C8-DC88F5319FCD}.Debug|Any CPU.ActiveCfg = Debug|Any CPU
		{95707A9E-E1EB-40A6-A1C8-DC88F5319FCD}.Debug|Any CPU.Build.0 = Debug|Any CPU
		{95707A9E-E1EB-40A6-A1C8-DC88F5319FCD}.Release|Any CPU.ActiveCfg = Release|Any CPU
		{95707A9E-E1EB-40A6-A1C8-DC88F5319FCD}.Release|Any CPU.Build.0 = Release|Any CPU
		{07615856-7092-4D03-92A3-0932C37420BE}.Debug|Any CPU.ActiveCfg = Debug|Any CPU
		{07615856-7092-4D03-92A3-0932C37420BE}.Debug|Any CPU.Build.0 = Debug|Any CPU
		{07615856-7092-4D03-92A3-0932C37420BE}.Release|Any CPU.ActiveCfg = Release|Any CPU
		{07615856-7092-4D03-92A3-0932C37420BE}.Release|Any CPU.Build.0 = Release|Any CPU
		{DDC24726-F320-47A5-A041-3B39826721BD}.Debug|Any CPU.ActiveCfg = Debug|Any CPU
		{DDC24726-F320-47A5-A041-3B39826721BD}.Debug|Any CPU.Build.0 = Debug|Any CPU
		{DDC24726-F320-47A5-A041-3B39826721BD}.Release|Any CPU.ActiveCfg = Release|Any CPU
		{DDC24726-F320-47A5-A041-3B39826721BD}.Release|Any CPU.Build.0 = Release|Any CPU
		{C58F7092-681E-44E7-A2A4-E2B8832EE38F}.Debug|Any CPU.ActiveCfg = Debug|Any CPU
		{C58F7092-681E-44E7-A2A4-E2B8832EE38F}.Debug|Any CPU.Build.0 = Debug|Any CPU
		{C58F7092-681E-44E7-A2A4-E2B8832EE38F}.Release|Any CPU.ActiveCfg = Release|Any CPU
		{C58F7092-681E-44E7-A2A4-E2B8832EE38F}.Release|Any CPU.Build.0 = Release|Any CPU
		{1C907F8F-935B-4DEC-844B-545F939EA107}.Debug|Any CPU.ActiveCfg = Debug|Any CPU
		{1C907F8F-935B-4DEC-844B-545F939EA107}.Debug|Any CPU.Build.0 = Debug|Any CPU
		{1C907F8F-935B-4DEC-844B-545F939EA107}.Release|Any CPU.ActiveCfg = Release|Any CPU
		{1C907F8F-935B-4DEC-844B-545F939EA107}.Release|Any CPU.Build.0 = Release|Any CPU
		{4E70023C-E611-4FDE-A5F8-006F4CBC7C17}.Debug|Any CPU.ActiveCfg = Debug|Any CPU
		{4E70023C-E611-4FDE-A5F8-006F4CBC7C17}.Debug|Any CPU.Build.0 = Debug|Any CPU
		{4E70023C-E611-4FDE-A5F8-006F4CBC7C17}.Release|Any CPU.ActiveCfg = Release|Any CPU
		{4E70023C-E611-4FDE-A5F8-006F4CBC7C17}.Release|Any CPU.Build.0 = Release|Any CPU
		{E9113F7C-701B-4FA7-AE63-DE02459FCA43}.Debug|Any CPU.ActiveCfg = Debug|Any CPU
		{E9113F7C-701B-4FA7-AE63-DE02459FCA43}.Debug|Any CPU.Build.0 = Debug|Any CPU
		{E9113F7C-701B-4FA7-AE63-DE02459FCA43}.Release|Any CPU.ActiveCfg = Release|Any CPU
		{E9113F7C-701B-4FA7-AE63-DE02459FCA43}.Release|Any CPU.Build.0 = Release|Any CPU
		{A51203DA-14EE-4169-8A74-924CD06C71E8}.Debug|Any CPU.ActiveCfg = Debug|Any CPU
		{A51203DA-14EE-4169-8A74-924CD06C71E8}.Debug|Any CPU.Build.0 = Debug|Any CPU
		{A51203DA-14EE-4169-8A74-924CD06C71E8}.Release|Any CPU.ActiveCfg = Release|Any CPU
		{A51203DA-14EE-4169-8A74-924CD06C71E8}.Release|Any CPU.Build.0 = Release|Any CPU
		{0E933CA7-AAF5-41DE-9E19-40AE440F7698}.Debug|Any CPU.ActiveCfg = Debug|Any CPU
		{0E933CA7-AAF5-41DE-9E19-40AE440F7698}.Debug|Any CPU.Build.0 = Debug|Any CPU
		{0E933CA7-AAF5-41DE-9E19-40AE440F7698}.Release|Any CPU.ActiveCfg = Release|Any CPU
		{0E933CA7-AAF5-41DE-9E19-40AE440F7698}.Release|Any CPU.Build.0 = Release|Any CPU
		{F3BE92D6-AD3C-41FF-A439-A99E32ECB8D6}.Debug|Any CPU.ActiveCfg = Debug|Any CPU
		{F3BE92D6-AD3C-41FF-A439-A99E32ECB8D6}.Debug|Any CPU.Build.0 = Debug|Any CPU
		{F3BE92D6-AD3C-41FF-A439-A99E32ECB8D6}.Release|Any CPU.ActiveCfg = Release|Any CPU
		{F3BE92D6-AD3C-41FF-A439-A99E32ECB8D6}.Release|Any CPU.Build.0 = Release|Any CPU
		{10B5351A-D57D-45DB-A6E6-386EDC2B1CB2}.Debug|Any CPU.ActiveCfg = Debug|Any CPU
		{10B5351A-D57D-45DB-A6E6-386EDC2B1CB2}.Debug|Any CPU.Build.0 = Debug|Any CPU
		{10B5351A-D57D-45DB-A6E6-386EDC2B1CB2}.Release|Any CPU.ActiveCfg = Release|Any CPU
		{10B5351A-D57D-45DB-A6E6-386EDC2B1CB2}.Release|Any CPU.Build.0 = Release|Any CPU
		{9C8EFB80-56A1-43C7-A4E3-73B89D4D8FDC}.Debug|Any CPU.ActiveCfg = Debug|Any CPU
		{9C8EFB80-56A1-43C7-A4E3-73B89D4D8FDC}.Debug|Any CPU.Build.0 = Debug|Any CPU
		{9C8EFB80-56A1-43C7-A4E3-73B89D4D8FDC}.Release|Any CPU.ActiveCfg = Release|Any CPU
		{9C8EFB80-56A1-43C7-A4E3-73B89D4D8FDC}.Release|Any CPU.Build.0 = Release|Any CPU
		{6E94CECF-FE01-4724-93A1-F62B9ECA046E}.Debug|Any CPU.ActiveCfg = Debug|Any CPU
		{6E94CECF-FE01-4724-93A1-F62B9ECA046E}.Debug|Any CPU.Build.0 = Debug|Any CPU
		{6E94CECF-FE01-4724-93A1-F62B9ECA046E}.Release|Any CPU.ActiveCfg = Release|Any CPU
		{6E94CECF-FE01-4724-93A1-F62B9ECA046E}.Release|Any CPU.Build.0 = Release|Any CPU
		{2F663612-D9F8-4C55-9D0D-C0F2D4320C71}.Debug|Any CPU.ActiveCfg = Debug|Any CPU
		{2F663612-D9F8-4C55-9D0D-C0F2D4320C71}.Debug|Any CPU.Build.0 = Debug|Any CPU
		{2F663612-D9F8-4C55-9D0D-C0F2D4320C71}.Release|Any CPU.ActiveCfg = Release|Any CPU
		{2F663612-D9F8-4C55-9D0D-C0F2D4320C71}.Release|Any CPU.Build.0 = Release|Any CPU
		{2FA2ABF0-F277-4145-BD70-11F44CB6BB48}.Debug|Any CPU.ActiveCfg = Debug|Any CPU
		{2FA2ABF0-F277-4145-BD70-11F44CB6BB48}.Debug|Any CPU.Build.0 = Debug|Any CPU
		{2FA2ABF0-F277-4145-BD70-11F44CB6BB48}.Release|Any CPU.ActiveCfg = Release|Any CPU
		{2FA2ABF0-F277-4145-BD70-11F44CB6BB48}.Release|Any CPU.Build.0 = Release|Any CPU
		{6FE7197D-DEE0-4541-9A02-1F85763361D3}.Debug|Any CPU.ActiveCfg = Debug|Any CPU
		{6FE7197D-DEE0-4541-9A02-1F85763361D3}.Debug|Any CPU.Build.0 = Debug|Any CPU
		{6FE7197D-DEE0-4541-9A02-1F85763361D3}.Release|Any CPU.ActiveCfg = Release|Any CPU
		{6FE7197D-DEE0-4541-9A02-1F85763361D3}.Release|Any CPU.Build.0 = Release|Any CPU
		{A0005863-0CA3-4796-8151-C176255DB177}.Debug|Any CPU.ActiveCfg = Debug|Any CPU
		{A0005863-0CA3-4796-8151-C176255DB177}.Debug|Any CPU.Build.0 = Debug|Any CPU
		{A0005863-0CA3-4796-8151-C176255DB177}.Release|Any CPU.ActiveCfg = Release|Any CPU
		{A0005863-0CA3-4796-8151-C176255DB177}.Release|Any CPU.Build.0 = Release|Any CPU
		{A06A9414-FCC8-4ECE-93C0-E135F59C4A4E}.Debug|Any CPU.ActiveCfg = Debug|Any CPU
		{A06A9414-FCC8-4ECE-93C0-E135F59C4A4E}.Debug|Any CPU.Build.0 = Debug|Any CPU
		{A06A9414-FCC8-4ECE-93C0-E135F59C4A4E}.Release|Any CPU.ActiveCfg = Release|Any CPU
		{A06A9414-FCC8-4ECE-93C0-E135F59C4A4E}.Release|Any CPU.Build.0 = Release|Any CPU
		{9FA145A4-1D8E-4AE6-9F3B-6C100B89E07B}.Debug|Any CPU.ActiveCfg = Debug|Any CPU
		{9FA145A4-1D8E-4AE6-9F3B-6C100B89E07B}.Debug|Any CPU.Build.0 = Debug|Any CPU
		{9FA145A4-1D8E-4AE6-9F3B-6C100B89E07B}.Release|Any CPU.ActiveCfg = Release|Any CPU
		{9FA145A4-1D8E-4AE6-9F3B-6C100B89E07B}.Release|Any CPU.Build.0 = Release|Any CPU
		{EA57E3B6-B09F-44DF-9504-9B92C52C0F49}.Debug|Any CPU.ActiveCfg = Debug|Any CPU
		{EA57E3B6-B09F-44DF-9504-9B92C52C0F49}.Debug|Any CPU.Build.0 = Debug|Any CPU
		{EA57E3B6-B09F-44DF-9504-9B92C52C0F49}.Release|Any CPU.ActiveCfg = Release|Any CPU
		{EA57E3B6-B09F-44DF-9504-9B92C52C0F49}.Release|Any CPU.Build.0 = Release|Any CPU
	EndGlobalSection
	GlobalSection(SolutionProperties) = preSolution
		HideSolutionNode = FALSE
	EndGlobalSection
EndGlobal
