
Microsoft Visual Studio Solution File, Format Version 12.00
# Visual Studio 14
VisualStudioVersion = 14.0.24720.0
MinimumVisualStudioVersion = 10.0.40219.1
Project("{FAE04EC0-301F-11D3-BF4B-00C04F79EFBC}") = "1.WebFormsApp", "1.WebFormsApp\1.WebFormsApp.csproj", "{CA28CF17-DCA7-492A-BDB4-39EF71618D60}"
EndProject
Project("{FAE04EC0-301F-11D3-BF4B-00C04F79EFBC}") = "MVC_APP", "MVC_APP\MVC_APP.csproj", "{3962677F-C077-4583-86C3-09EC993BB831}"
EndProject
Project("{FAE04EC0-301F-11D3-BF4B-00C04F79EFBC}") = "3.webAPI_APP", "3.webAPI_APP\3.webAPI_APP.csproj", "{C909F737-BE25-4F7C-97F6-8B5B5DE75677}"
EndProject
Project("{FAE04EC0-301F-11D3-BF4B-00C04F79EFBC}") = "4.webSPA_APP", "4.webSPA_APP\4.webSPA_APP.csproj", "{CD4DE6A7-774D-4B2E-AA24-A72AFA1F3704}"
EndProject
Global
	GlobalSection(SolutionConfigurationPlatforms) = preSolution
		Debug|Any CPU = Debug|Any CPU
		Release|Any CPU = Release|Any CPU
	EndGlobalSection
	GlobalSection(ProjectConfigurationPlatforms) = postSolution
		{CA28CF17-DCA7-492A-BDB4-39EF71618D60}.Debug|Any CPU.ActiveCfg = Debug|Any CPU
		{CA28CF17-DCA7-492A-BDB4-39EF71618D60}.Debug|Any CPU.Build.0 = Debug|Any CPU
		{CA28CF17-DCA7-492A-BDB4-39EF71618D60}.Release|Any CPU.ActiveCfg = Release|Any CPU
		{CA28CF17-DCA7-492A-BDB4-39EF71618D60}.Release|Any CPU.Build.0 = Release|Any CPU
		{3962677F-C077-4583-86C3-09EC993BB831}.Debug|Any CPU.ActiveCfg = Debug|Any CPU
		{3962677F-C077-4583-86C3-09EC993BB831}.Debug|Any CPU.Build.0 = Debug|Any CPU
		{3962677F-C077-4583-86C3-09EC993BB831}.Release|Any CPU.ActiveCfg = Release|Any CPU
		{3962677F-C077-4583-86C3-09EC993BB831}.Release|Any CPU.Build.0 = Release|Any CPU
		{C909F737-BE25-4F7C-97F6-8B5B5DE75677}.Debug|Any CPU.ActiveCfg = Debug|Any CPU
		{C909F737-BE25-4F7C-97F6-8B5B5DE75677}.Debug|Any CPU.Build.0 = Debug|Any CPU
		{C909F737-BE25-4F7C-97F6-8B5B5DE75677}.Release|Any CPU.ActiveCfg = Release|Any CPU
		{C909F737-BE25-4F7C-97F6-8B5B5DE75677}.Release|Any CPU.Build.0 = Release|Any CPU
		{CD4DE6A7-774D-4B2E-AA24-A72AFA1F3704}.Debug|Any CPU.ActiveCfg = Debug|Any CPU
		{CD4DE6A7-774D-4B2E-AA24-A72AFA1F3704}.Debug|Any CPU.Build.0 = Debug|Any CPU
		{CD4DE6A7-774D-4B2E-AA24-A72AFA1F3704}.Release|Any CPU.ActiveCfg = Release|Any CPU
		{CD4DE6A7-774D-4B2E-AA24-A72AFA1F3704}.Release|Any CPU.Build.0 = Release|Any CPU
	EndGlobalSection
	GlobalSection(SolutionProperties) = preSolution
		HideSolutionNode = FALSE
	EndGlobalSection
EndGlobal
