
Microsoft Visual Studio Solution File, Format Version 12.00
# Visual Studio 2013
VisualStudioVersion = 12.0.21005.1
MinimumVisualStudioVersion = 10.0.40219.1
Project("{FAE04EC0-301F-11D3-BF4B-00C04F79EFBC}") = "1.SayHello", "1.SayHello\1.SayHello.csproj", "{5B00BE0A-DB6F-42BB-B589-AF7559F8ADEC}"
EndProject
Project("{FAE04EC0-301F-11D3-BF4B-00C04F79EFBC}") = "2.GetLargestNums", "2.GetLargestNums\2.GetLargestNums.csproj", "{FB6B752A-CF11-4854-B0E5-36A2B4F9F87F}"
EndProject
Project("{FAE04EC0-301F-11D3-BF4B-00C04F79EFBC}") = "3.EnglishDigit", "3.EnglishDigit\3.EnglishDigit.csproj", "{AE5B59F2-BD6D-423B-926B-306462689784}"
EndProject
Project("{FAE04EC0-301F-11D3-BF4B-00C04F79EFBC}") = "4.AppearanceCount", "4.AppearanceCount\4.AppearanceCount.csproj", "{0DE0AE71-6B2E-4352-BC11-B4C63E1B9C52}"
EndProject
Project("{FAE04EC0-301F-11D3-BF4B-00C04F79EFBC}") = "5.LargerThanNeighbours", "5.LargerThanNeighbours\5.LargerThanNeighbours.csproj", "{7F01260D-7DE8-4A08-BB17-83222ABD131F}"
EndProject
Project("{FAE04EC0-301F-11D3-BF4B-00C04F79EFBC}") = "6.FirstLargerThanNeighbours", "6.FirstLargerThanNeighbours\6.FirstLargerThanNeighbours.csproj", "{C6843A6F-7F00-4B1E-B268-1CD50450581B}"
EndProject
Project("{FAE04EC0-301F-11D3-BF4B-00C04F79EFBC}") = "7.ReverseNums", "7.ReverseNums\7.ReverseNums.csproj", "{AC7B7B84-C0D2-41A8-9F16-99E3E3E35E43}"
EndProject
Project("{FAE04EC0-301F-11D3-BF4B-00C04F79EFBC}") = "8.NumberAsArray", "8.NumberAsArray\8.NumberAsArray.csproj", "{EDBCDD29-3622-498A-A1A4-D6DE6764AE74}"
EndProject
Project("{FAE04EC0-301F-11D3-BF4B-00C04F79EFBC}") = "9.SortingArr", "9.SortingArr\9.SortingArr.csproj", "{6A674709-71AA-450D-83EA-7B8A53F8725D}"
EndProject
Project("{FAE04EC0-301F-11D3-BF4B-00C04F79EFBC}") = "10.NFactorial", "10.NFactorial\10.NFactorial.csproj", "{AA68B16E-C500-48A1-8F23-810EDC8C0C95}"
EndProject
Project("{FAE04EC0-301F-11D3-BF4B-00C04F79EFBC}") = "11.AddingPolynomials", "11.AddingPolynomials\11.AddingPolynomials.csproj", "{1E1A7F7F-4919-49B7-A0EB-62463CB6D461}"
EndProject
Project("{FAE04EC0-301F-11D3-BF4B-00C04F79EFBC}") = "12.SubstractiongPolynomials", "12.SubstractiongPolynomials\12.SubstractiongPolynomials.csproj", "{6FD07AFA-E47C-49D8-89AF-D07DBFA8286C}"
EndProject
Project("{FAE04EC0-301F-11D3-BF4B-00C04F79EFBC}") = "13.SolveTasks", "13.SolveTasks\13.SolveTasks.csproj", "{FAAED438-45AC-48C4-A1A8-81F6BB25A531}"
EndProject
Project("{FAE04EC0-301F-11D3-BF4B-00C04F79EFBC}") = "14.IntegerCalculations", "14.IntegerCalculations\14.IntegerCalculations.csproj", "{F073D324-02D4-420A-ABE6-C5BBD333B721}"
EndProject
Project("{FAE04EC0-301F-11D3-BF4B-00C04F79EFBC}") = "15.NumberCalculations", "15.NumberCalculations\15.NumberCalculations.csproj", "{AF047908-C081-4CE8-99EF-170A4E4BA749}"
EndProject
Global
	GlobalSection(SolutionConfigurationPlatforms) = preSolution
		Debug|Any CPU = Debug|Any CPU
		Release|Any CPU = Release|Any CPU
	EndGlobalSection
	GlobalSection(ProjectConfigurationPlatforms) = postSolution
		{5B00BE0A-DB6F-42BB-B589-AF7559F8ADEC}.Debug|Any CPU.ActiveCfg = Debug|Any CPU
		{5B00BE0A-DB6F-42BB-B589-AF7559F8ADEC}.Debug|Any CPU.Build.0 = Debug|Any CPU
		{5B00BE0A-DB6F-42BB-B589-AF7559F8ADEC}.Release|Any CPU.ActiveCfg = Release|Any CPU
		{5B00BE0A-DB6F-42BB-B589-AF7559F8ADEC}.Release|Any CPU.Build.0 = Release|Any CPU
		{FB6B752A-CF11-4854-B0E5-36A2B4F9F87F}.Debug|Any CPU.ActiveCfg = Debug|Any CPU
		{FB6B752A-CF11-4854-B0E5-36A2B4F9F87F}.Debug|Any CPU.Build.0 = Debug|Any CPU
		{FB6B752A-CF11-4854-B0E5-36A2B4F9F87F}.Release|Any CPU.ActiveCfg = Release|Any CPU
		{FB6B752A-CF11-4854-B0E5-36A2B4F9F87F}.Release|Any CPU.Build.0 = Release|Any CPU
		{AE5B59F2-BD6D-423B-926B-306462689784}.Debug|Any CPU.ActiveCfg = Debug|Any CPU
		{AE5B59F2-BD6D-423B-926B-306462689784}.Debug|Any CPU.Build.0 = Debug|Any CPU
		{AE5B59F2-BD6D-423B-926B-306462689784}.Release|Any CPU.ActiveCfg = Release|Any CPU
		{AE5B59F2-BD6D-423B-926B-306462689784}.Release|Any CPU.Build.0 = Release|Any CPU
		{0DE0AE71-6B2E-4352-BC11-B4C63E1B9C52}.Debug|Any CPU.ActiveCfg = Debug|Any CPU
		{0DE0AE71-6B2E-4352-BC11-B4C63E1B9C52}.Debug|Any CPU.Build.0 = Debug|Any CPU
		{0DE0AE71-6B2E-4352-BC11-B4C63E1B9C52}.Release|Any CPU.ActiveCfg = Release|Any CPU
		{0DE0AE71-6B2E-4352-BC11-B4C63E1B9C52}.Release|Any CPU.Build.0 = Release|Any CPU
		{7F01260D-7DE8-4A08-BB17-83222ABD131F}.Debug|Any CPU.ActiveCfg = Debug|Any CPU
		{7F01260D-7DE8-4A08-BB17-83222ABD131F}.Debug|Any CPU.Build.0 = Debug|Any CPU
		{7F01260D-7DE8-4A08-BB17-83222ABD131F}.Release|Any CPU.ActiveCfg = Release|Any CPU
		{7F01260D-7DE8-4A08-BB17-83222ABD131F}.Release|Any CPU.Build.0 = Release|Any CPU
		{C6843A6F-7F00-4B1E-B268-1CD50450581B}.Debug|Any CPU.ActiveCfg = Debug|Any CPU
		{C6843A6F-7F00-4B1E-B268-1CD50450581B}.Debug|Any CPU.Build.0 = Debug|Any CPU
		{C6843A6F-7F00-4B1E-B268-1CD50450581B}.Release|Any CPU.ActiveCfg = Release|Any CPU
		{C6843A6F-7F00-4B1E-B268-1CD50450581B}.Release|Any CPU.Build.0 = Release|Any CPU
		{AC7B7B84-C0D2-41A8-9F16-99E3E3E35E43}.Debug|Any CPU.ActiveCfg = Debug|Any CPU
		{AC7B7B84-C0D2-41A8-9F16-99E3E3E35E43}.Debug|Any CPU.Build.0 = Debug|Any CPU
		{AC7B7B84-C0D2-41A8-9F16-99E3E3E35E43}.Release|Any CPU.ActiveCfg = Release|Any CPU
		{AC7B7B84-C0D2-41A8-9F16-99E3E3E35E43}.Release|Any CPU.Build.0 = Release|Any CPU
		{EDBCDD29-3622-498A-A1A4-D6DE6764AE74}.Debug|Any CPU.ActiveCfg = Debug|Any CPU
		{EDBCDD29-3622-498A-A1A4-D6DE6764AE74}.Debug|Any CPU.Build.0 = Debug|Any CPU
		{EDBCDD29-3622-498A-A1A4-D6DE6764AE74}.Release|Any CPU.ActiveCfg = Release|Any CPU
		{EDBCDD29-3622-498A-A1A4-D6DE6764AE74}.Release|Any CPU.Build.0 = Release|Any CPU
		{6A674709-71AA-450D-83EA-7B8A53F8725D}.Debug|Any CPU.ActiveCfg = Debug|Any CPU
		{6A674709-71AA-450D-83EA-7B8A53F8725D}.Debug|Any CPU.Build.0 = Debug|Any CPU
		{6A674709-71AA-450D-83EA-7B8A53F8725D}.Release|Any CPU.ActiveCfg = Release|Any CPU
		{6A674709-71AA-450D-83EA-7B8A53F8725D}.Release|Any CPU.Build.0 = Release|Any CPU
		{AA68B16E-C500-48A1-8F23-810EDC8C0C95}.Debug|Any CPU.ActiveCfg = Debug|Any CPU
		{AA68B16E-C500-48A1-8F23-810EDC8C0C95}.Debug|Any CPU.Build.0 = Debug|Any CPU
		{AA68B16E-C500-48A1-8F23-810EDC8C0C95}.Release|Any CPU.ActiveCfg = Release|Any CPU
		{AA68B16E-C500-48A1-8F23-810EDC8C0C95}.Release|Any CPU.Build.0 = Release|Any CPU
		{1E1A7F7F-4919-49B7-A0EB-62463CB6D461}.Debug|Any CPU.ActiveCfg = Debug|Any CPU
		{1E1A7F7F-4919-49B7-A0EB-62463CB6D461}.Debug|Any CPU.Build.0 = Debug|Any CPU
		{1E1A7F7F-4919-49B7-A0EB-62463CB6D461}.Release|Any CPU.ActiveCfg = Release|Any CPU
		{1E1A7F7F-4919-49B7-A0EB-62463CB6D461}.Release|Any CPU.Build.0 = Release|Any CPU
		{6FD07AFA-E47C-49D8-89AF-D07DBFA8286C}.Debug|Any CPU.ActiveCfg = Debug|Any CPU
		{6FD07AFA-E47C-49D8-89AF-D07DBFA8286C}.Debug|Any CPU.Build.0 = Debug|Any CPU
		{6FD07AFA-E47C-49D8-89AF-D07DBFA8286C}.Release|Any CPU.ActiveCfg = Release|Any CPU
		{6FD07AFA-E47C-49D8-89AF-D07DBFA8286C}.Release|Any CPU.Build.0 = Release|Any CPU
		{FAAED438-45AC-48C4-A1A8-81F6BB25A531}.Debug|Any CPU.ActiveCfg = Debug|Any CPU
		{FAAED438-45AC-48C4-A1A8-81F6BB25A531}.Debug|Any CPU.Build.0 = Debug|Any CPU
		{FAAED438-45AC-48C4-A1A8-81F6BB25A531}.Release|Any CPU.ActiveCfg = Release|Any CPU
		{FAAED438-45AC-48C4-A1A8-81F6BB25A531}.Release|Any CPU.Build.0 = Release|Any CPU
		{F073D324-02D4-420A-ABE6-C5BBD333B721}.Debug|Any CPU.ActiveCfg = Debug|Any CPU
		{F073D324-02D4-420A-ABE6-C5BBD333B721}.Debug|Any CPU.Build.0 = Debug|Any CPU
		{F073D324-02D4-420A-ABE6-C5BBD333B721}.Release|Any CPU.ActiveCfg = Release|Any CPU
		{F073D324-02D4-420A-ABE6-C5BBD333B721}.Release|Any CPU.Build.0 = Release|Any CPU
		{AF047908-C081-4CE8-99EF-170A4E4BA749}.Debug|Any CPU.ActiveCfg = Debug|Any CPU
		{AF047908-C081-4CE8-99EF-170A4E4BA749}.Debug|Any CPU.Build.0 = Debug|Any CPU
		{AF047908-C081-4CE8-99EF-170A4E4BA749}.Release|Any CPU.ActiveCfg = Release|Any CPU
		{AF047908-C081-4CE8-99EF-170A4E4BA749}.Release|Any CPU.Build.0 = Release|Any CPU
	EndGlobalSection
	GlobalSection(SolutionProperties) = preSolution
		HideSolutionNode = FALSE
	EndGlobalSection
EndGlobal
