
Microsoft Visual Studio Solution File, Format Version 12.00
# Visual Studio 14
VisualStudioVersion = 14.0.24720.0
MinimumVisualStudioVersion = 10.0.40219.1
Project("{FAE04EC0-301F-11D3-BF4B-00C04F79EFBC}") = "Problem1", "Problem1\Problem1.csproj", "{6F9A7367-14EC-4BDA-A149-A92C45A85AE1}"
EndProject
Project("{FAE04EC0-301F-11D3-BF4B-00C04F79EFBC}") = "Problem2", "Problem2\Problem2.csproj", "{10B7FB85-D5BE-47D0-A6BC-32C48D6F05B5}"
EndProject
Project("{FAE04EC0-301F-11D3-BF4B-00C04F79EFBC}") = "Problem3", "Problem3\Problem3.csproj", "{93CE01B0-F6FB-459D-A0A0-51B1D150C574}"
EndProject
Project("{FAE04EC0-301F-11D3-BF4B-00C04F79EFBC}") = "Problem4", "Problem4\Problem4.csproj", "{A48EF572-B2CF-4FD0-8595-B2FF7488FADE}"
EndProject
Project("{FAE04EC0-301F-11D3-BF4B-00C04F79EFBC}") = "Problem5", "Problem5\Problem5.csproj", "{36E44B09-6A6B-4C62-8043-9E90114FCA83}"
EndProject
Project("{FAE04EC0-301F-11D3-BF4B-00C04F79EFBC}") = "Passwords", "Passwords\Passwords.csproj", "{3F934081-2045-4513-9E18-4FB1E40DE44E}"
EndProject
Global
	GlobalSection(SolutionConfigurationPlatforms) = preSolution
		Debug|Any CPU = Debug|Any CPU
		Release|Any CPU = Release|Any CPU
	EndGlobalSection
	GlobalSection(ProjectConfigurationPlatforms) = postSolution
		{6F9A7367-14EC-4BDA-A149-A92C45A85AE1}.Debug|Any CPU.ActiveCfg = Debug|Any CPU
		{6F9A7367-14EC-4BDA-A149-A92C45A85AE1}.Debug|Any CPU.Build.0 = Debug|Any CPU
		{6F9A7367-14EC-4BDA-A149-A92C45A85AE1}.Release|Any CPU.ActiveCfg = Release|Any CPU
		{6F9A7367-14EC-4BDA-A149-A92C45A85AE1}.Release|Any CPU.Build.0 = Release|Any CPU
		{10B7FB85-D5BE-47D0-A6BC-32C48D6F05B5}.Debug|Any CPU.ActiveCfg = Debug|Any CPU
		{10B7FB85-D5BE-47D0-A6BC-32C48D6F05B5}.Debug|Any CPU.Build.0 = Debug|Any CPU
		{10B7FB85-D5BE-47D0-A6BC-32C48D6F05B5}.Release|Any CPU.ActiveCfg = Release|Any CPU
		{10B7FB85-D5BE-47D0-A6BC-32C48D6F05B5}.Release|Any CPU.Build.0 = Release|Any CPU
		{93CE01B0-F6FB-459D-A0A0-51B1D150C574}.Debug|Any CPU.ActiveCfg = Debug|Any CPU
		{93CE01B0-F6FB-459D-A0A0-51B1D150C574}.Debug|Any CPU.Build.0 = Debug|Any CPU
		{93CE01B0-F6FB-459D-A0A0-51B1D150C574}.Release|Any CPU.ActiveCfg = Release|Any CPU
		{93CE01B0-F6FB-459D-A0A0-51B1D150C574}.Release|Any CPU.Build.0 = Release|Any CPU
		{A48EF572-B2CF-4FD0-8595-B2FF7488FADE}.Debug|Any CPU.ActiveCfg = Debug|Any CPU
		{A48EF572-B2CF-4FD0-8595-B2FF7488FADE}.Debug|Any CPU.Build.0 = Debug|Any CPU
		{A48EF572-B2CF-4FD0-8595-B2FF7488FADE}.Release|Any CPU.ActiveCfg = Release|Any CPU
		{A48EF572-B2CF-4FD0-8595-B2FF7488FADE}.Release|Any CPU.Build.0 = Release|Any CPU
		{36E44B09-6A6B-4C62-8043-9E90114FCA83}.Debug|Any CPU.ActiveCfg = Debug|Any CPU
		{36E44B09-6A6B-4C62-8043-9E90114FCA83}.Debug|Any CPU.Build.0 = Debug|Any CPU
		{36E44B09-6A6B-4C62-8043-9E90114FCA83}.Release|Any CPU.ActiveCfg = Release|Any CPU
		{36E44B09-6A6B-4C62-8043-9E90114FCA83}.Release|Any CPU.Build.0 = Release|Any CPU
		{3F934081-2045-4513-9E18-4FB1E40DE44E}.Debug|Any CPU.ActiveCfg = Debug|Any CPU
		{3F934081-2045-4513-9E18-4FB1E40DE44E}.Debug|Any CPU.Build.0 = Debug|Any CPU
		{3F934081-2045-4513-9E18-4FB1E40DE44E}.Release|Any CPU.ActiveCfg = Release|Any CPU
		{3F934081-2045-4513-9E18-4FB1E40DE44E}.Release|Any CPU.Build.0 = Release|Any CPU
	EndGlobalSection
	GlobalSection(SolutionProperties) = preSolution
		HideSolutionNode = FALSE
	EndGlobalSection
EndGlobal
