
Microsoft Visual Studio Solution File, Format Version 12.00
# Visual Studio 2013
VisualStudioVersion = 12.0.21005.1
MinimumVisualStudioVersion = 10.0.40219.1
Project("{FAE04EC0-301F-11D3-BF4B-00C04F79EFBC}") = "1.StringsInCSharp", "1.StringsInCSharp\1.StringsInCSharp.csproj", "{D0FF2F7A-84B9-4607-AD84-61F164F91D92}"
EndProject
Project("{FAE04EC0-301F-11D3-BF4B-00C04F79EFBC}") = "2.ReverseString", "2.ReverseString\2.ReverseString.csproj", "{2C7B0384-6B3E-4E65-A950-DEFC9FCBDB83}"
EndProject
Project("{FAE04EC0-301F-11D3-BF4B-00C04F79EFBC}") = "3.CorrectBrackets", "3.CorrectBrackets\3.CorrectBrackets.csproj", "{07A3B9CE-8E79-4F7D-875C-50121548FE86}"
EndProject
Project("{FAE04EC0-301F-11D3-BF4B-00C04F79EFBC}") = "4.SubstrinInText", "4.SubstrinInText\4.SubstrinInText.csproj", "{A411CFD3-928C-4AEE-B532-5580B443C0E5}"
EndProject
Project("{FAE04EC0-301F-11D3-BF4B-00C04F79EFBC}") = "5.ParseTags", "5.ParseTags\5.ParseTags.csproj", "{8A446CEE-21E4-4C57-8D3B-A1C6932C26FF}"
EndProject
Project("{FAE04EC0-301F-11D3-BF4B-00C04F79EFBC}") = "6.StringLen", "6.StringLen\6.StringLen.csproj", "{A2631D1D-ECD7-41D9-8D53-7181AEA42D1F}"
EndProject
Project("{FAE04EC0-301F-11D3-BF4B-00C04F79EFBC}") = "7.EncodeDecode", "7.EncodeDecode\7.EncodeDecode.csproj", "{67BE3A81-D841-4A31-B200-8AFDC813ED6B}"
EndProject
Project("{FAE04EC0-301F-11D3-BF4B-00C04F79EFBC}") = "8.ExtractSentences", "8.ExtractSentences\8.ExtractSentences.csproj", "{C4669F58-91A8-4434-87CC-03AC3C61CCD2}"
EndProject
Project("{FAE04EC0-301F-11D3-BF4B-00C04F79EFBC}") = "9.ForbiddenText", "9.ForbiddenText\9.ForbiddenText.csproj", "{C3DD1108-35D3-4BE2-B5FA-D437BCFAE219}"
EndProject
Project("{FAE04EC0-301F-11D3-BF4B-00C04F79EFBC}") = "10.UnicodeChars", "10.UnicodeChars\10.UnicodeChars.csproj", "{421D9125-B6CF-48D9-B4B9-66D69E6089B4}"
EndProject
Project("{FAE04EC0-301F-11D3-BF4B-00C04F79EFBC}") = "11.FormatNum", "11.FormatNum\11.FormatNum.csproj", "{8DC6C2A1-F19A-4D03-B787-4B8BD0B3B6CB}"
EndProject
Project("{FAE04EC0-301F-11D3-BF4B-00C04F79EFBC}") = "12.ParseURL", "12.ParseURL\12.ParseURL.csproj", "{969EF499-2F6E-4571-BA39-4FEE152E21EC}"
EndProject
Project("{FAE04EC0-301F-11D3-BF4B-00C04F79EFBC}") = "13.ReverseSnt", "13.ReverseSnt\13.ReverseSnt.csproj", "{73F31957-8601-41A7-B6E4-8E5AAE493511}"
EndProject
Project("{FAE04EC0-301F-11D3-BF4B-00C04F79EFBC}") = "14.WordDict", "14.WordDict\14.WordDict.csproj", "{AAD12638-4328-45E2-A7FE-107040EE1C8F}"
EndProject
Project("{FAE04EC0-301F-11D3-BF4B-00C04F79EFBC}") = "15.ReplaceTags", "15.ReplaceTags\15.ReplaceTags.csproj", "{307475BE-64CD-46DC-B0B3-EFA33B167998}"
EndProject
Project("{FAE04EC0-301F-11D3-BF4B-00C04F79EFBC}") = "16.DateDiff", "16.DateDiff\16.DateDiff.csproj", "{D820648C-19E1-474B-82EC-60413AB32776}"
EndProject
Project("{FAE04EC0-301F-11D3-BF4B-00C04F79EFBC}") = "17.DateInBG", "17.DateInBG\17.DateInBG.csproj", "{86D6D78A-A7CC-40B4-9024-8D2284F26570}"
EndProject
Project("{FAE04EC0-301F-11D3-BF4B-00C04F79EFBC}") = "18.ExtractEmails", "18.ExtractEmails\18.ExtractEmails.csproj", "{6ED726B3-1EED-4964-9532-C3717B8C70CB}"
EndProject
Project("{FAE04EC0-301F-11D3-BF4B-00C04F79EFBC}") = "19.DatesFromTextInCanada", "19.DatesFromTextInCanada\19.DatesFromTextInCanada.csproj", "{880BADC6-90C5-4492-B7B2-C01B86BA2B9B}"
EndProject
Project("{FAE04EC0-301F-11D3-BF4B-00C04F79EFBC}") = "20.Palindromes", "20.Palindromes\20.Palindromes.csproj", "{1EEB4A74-7966-433B-A8D4-96CFAB934D83}"
EndProject
Project("{FAE04EC0-301F-11D3-BF4B-00C04F79EFBC}") = "21.LettersCount", "21.LettersCount\21.LettersCount.csproj", "{0F59DA66-F9E6-4BC2-ACF9-CE305A9EE9F7}"
EndProject
Project("{FAE04EC0-301F-11D3-BF4B-00C04F79EFBC}") = "22.WordsCount", "22.WordsCount\22.WordsCount.csproj", "{13E42051-453C-4E33-B8FA-3766C161D4EE}"
EndProject
Project("{FAE04EC0-301F-11D3-BF4B-00C04F79EFBC}") = "23.SeriesOfletters", "23.SeriesOfletters\23.SeriesOfletters.csproj", "{861453EF-6061-420D-A1B2-C7E2A90199A3}"
EndProject
Project("{FAE04EC0-301F-11D3-BF4B-00C04F79EFBC}") = "24.OrderWords", "24.OrderWords\24.OrderWords.csproj", "{292A83F4-2BD0-4A68-BA81-E4D347137768}"
EndProject
Project("{FAE04EC0-301F-11D3-BF4B-00C04F79EFBC}") = "25.ExtractTextFromHTML", "25.ExtractTextFromHTML\25.ExtractTextFromHTML.csproj", "{A2F6DC73-B385-43D8-BC5B-75641D1CD82B}"
EndProject
Global
	GlobalSection(SolutionConfigurationPlatforms) = preSolution
		Debug|Any CPU = Debug|Any CPU
		Release|Any CPU = Release|Any CPU
	EndGlobalSection
	GlobalSection(ProjectConfigurationPlatforms) = postSolution
		{D0FF2F7A-84B9-4607-AD84-61F164F91D92}.Debug|Any CPU.ActiveCfg = Debug|Any CPU
		{D0FF2F7A-84B9-4607-AD84-61F164F91D92}.Debug|Any CPU.Build.0 = Debug|Any CPU
		{D0FF2F7A-84B9-4607-AD84-61F164F91D92}.Release|Any CPU.ActiveCfg = Release|Any CPU
		{D0FF2F7A-84B9-4607-AD84-61F164F91D92}.Release|Any CPU.Build.0 = Release|Any CPU
		{2C7B0384-6B3E-4E65-A950-DEFC9FCBDB83}.Debug|Any CPU.ActiveCfg = Debug|Any CPU
		{2C7B0384-6B3E-4E65-A950-DEFC9FCBDB83}.Debug|Any CPU.Build.0 = Debug|Any CPU
		{2C7B0384-6B3E-4E65-A950-DEFC9FCBDB83}.Release|Any CPU.ActiveCfg = Release|Any CPU
		{2C7B0384-6B3E-4E65-A950-DEFC9FCBDB83}.Release|Any CPU.Build.0 = Release|Any CPU
		{07A3B9CE-8E79-4F7D-875C-50121548FE86}.Debug|Any CPU.ActiveCfg = Debug|Any CPU
		{07A3B9CE-8E79-4F7D-875C-50121548FE86}.Debug|Any CPU.Build.0 = Debug|Any CPU
		{07A3B9CE-8E79-4F7D-875C-50121548FE86}.Release|Any CPU.ActiveCfg = Release|Any CPU
		{07A3B9CE-8E79-4F7D-875C-50121548FE86}.Release|Any CPU.Build.0 = Release|Any CPU
		{A411CFD3-928C-4AEE-B532-5580B443C0E5}.Debug|Any CPU.ActiveCfg = Debug|Any CPU
		{A411CFD3-928C-4AEE-B532-5580B443C0E5}.Debug|Any CPU.Build.0 = Debug|Any CPU
		{A411CFD3-928C-4AEE-B532-5580B443C0E5}.Release|Any CPU.ActiveCfg = Release|Any CPU
		{A411CFD3-928C-4AEE-B532-5580B443C0E5}.Release|Any CPU.Build.0 = Release|Any CPU
		{8A446CEE-21E4-4C57-8D3B-A1C6932C26FF}.Debug|Any CPU.ActiveCfg = Debug|Any CPU
		{8A446CEE-21E4-4C57-8D3B-A1C6932C26FF}.Debug|Any CPU.Build.0 = Debug|Any CPU
		{8A446CEE-21E4-4C57-8D3B-A1C6932C26FF}.Release|Any CPU.ActiveCfg = Release|Any CPU
		{8A446CEE-21E4-4C57-8D3B-A1C6932C26FF}.Release|Any CPU.Build.0 = Release|Any CPU
		{A2631D1D-ECD7-41D9-8D53-7181AEA42D1F}.Debug|Any CPU.ActiveCfg = Debug|Any CPU
		{A2631D1D-ECD7-41D9-8D53-7181AEA42D1F}.Debug|Any CPU.Build.0 = Debug|Any CPU
		{A2631D1D-ECD7-41D9-8D53-7181AEA42D1F}.Release|Any CPU.ActiveCfg = Release|Any CPU
		{A2631D1D-ECD7-41D9-8D53-7181AEA42D1F}.Release|Any CPU.Build.0 = Release|Any CPU
		{67BE3A81-D841-4A31-B200-8AFDC813ED6B}.Debug|Any CPU.ActiveCfg = Debug|Any CPU
		{67BE3A81-D841-4A31-B200-8AFDC813ED6B}.Debug|Any CPU.Build.0 = Debug|Any CPU
		{67BE3A81-D841-4A31-B200-8AFDC813ED6B}.Release|Any CPU.ActiveCfg = Release|Any CPU
		{67BE3A81-D841-4A31-B200-8AFDC813ED6B}.Release|Any CPU.Build.0 = Release|Any CPU
		{C4669F58-91A8-4434-87CC-03AC3C61CCD2}.Debug|Any CPU.ActiveCfg = Debug|Any CPU
		{C4669F58-91A8-4434-87CC-03AC3C61CCD2}.Debug|Any CPU.Build.0 = Debug|Any CPU
		{C4669F58-91A8-4434-87CC-03AC3C61CCD2}.Release|Any CPU.ActiveCfg = Release|Any CPU
		{C4669F58-91A8-4434-87CC-03AC3C61CCD2}.Release|Any CPU.Build.0 = Release|Any CPU
		{C3DD1108-35D3-4BE2-B5FA-D437BCFAE219}.Debug|Any CPU.ActiveCfg = Debug|Any CPU
		{C3DD1108-35D3-4BE2-B5FA-D437BCFAE219}.Debug|Any CPU.Build.0 = Debug|Any CPU
		{C3DD1108-35D3-4BE2-B5FA-D437BCFAE219}.Release|Any CPU.ActiveCfg = Release|Any CPU
		{C3DD1108-35D3-4BE2-B5FA-D437BCFAE219}.Release|Any CPU.Build.0 = Release|Any CPU
		{421D9125-B6CF-48D9-B4B9-66D69E6089B4}.Debug|Any CPU.ActiveCfg = Debug|Any CPU
		{421D9125-B6CF-48D9-B4B9-66D69E6089B4}.Debug|Any CPU.Build.0 = Debug|Any CPU
		{421D9125-B6CF-48D9-B4B9-66D69E6089B4}.Release|Any CPU.ActiveCfg = Release|Any CPU
		{421D9125-B6CF-48D9-B4B9-66D69E6089B4}.Release|Any CPU.Build.0 = Release|Any CPU
		{8DC6C2A1-F19A-4D03-B787-4B8BD0B3B6CB}.Debug|Any CPU.ActiveCfg = Debug|Any CPU
		{8DC6C2A1-F19A-4D03-B787-4B8BD0B3B6CB}.Debug|Any CPU.Build.0 = Debug|Any CPU
		{8DC6C2A1-F19A-4D03-B787-4B8BD0B3B6CB}.Release|Any CPU.ActiveCfg = Release|Any CPU
		{8DC6C2A1-F19A-4D03-B787-4B8BD0B3B6CB}.Release|Any CPU.Build.0 = Release|Any CPU
		{969EF499-2F6E-4571-BA39-4FEE152E21EC}.Debug|Any CPU.ActiveCfg = Debug|Any CPU
		{969EF499-2F6E-4571-BA39-4FEE152E21EC}.Debug|Any CPU.Build.0 = Debug|Any CPU
		{969EF499-2F6E-4571-BA39-4FEE152E21EC}.Release|Any CPU.ActiveCfg = Release|Any CPU
		{969EF499-2F6E-4571-BA39-4FEE152E21EC}.Release|Any CPU.Build.0 = Release|Any CPU
		{73F31957-8601-41A7-B6E4-8E5AAE493511}.Debug|Any CPU.ActiveCfg = Debug|Any CPU
		{73F31957-8601-41A7-B6E4-8E5AAE493511}.Debug|Any CPU.Build.0 = Debug|Any CPU
		{73F31957-8601-41A7-B6E4-8E5AAE493511}.Release|Any CPU.ActiveCfg = Release|Any CPU
		{73F31957-8601-41A7-B6E4-8E5AAE493511}.Release|Any CPU.Build.0 = Release|Any CPU
		{AAD12638-4328-45E2-A7FE-107040EE1C8F}.Debug|Any CPU.ActiveCfg = Debug|Any CPU
		{AAD12638-4328-45E2-A7FE-107040EE1C8F}.Debug|Any CPU.Build.0 = Debug|Any CPU
		{AAD12638-4328-45E2-A7FE-107040EE1C8F}.Release|Any CPU.ActiveCfg = Release|Any CPU
		{AAD12638-4328-45E2-A7FE-107040EE1C8F}.Release|Any CPU.Build.0 = Release|Any CPU
		{307475BE-64CD-46DC-B0B3-EFA33B167998}.Debug|Any CPU.ActiveCfg = Debug|Any CPU
		{307475BE-64CD-46DC-B0B3-EFA33B167998}.Debug|Any CPU.Build.0 = Debug|Any CPU
		{307475BE-64CD-46DC-B0B3-EFA33B167998}.Release|Any CPU.ActiveCfg = Release|Any CPU
		{307475BE-64CD-46DC-B0B3-EFA33B167998}.Release|Any CPU.Build.0 = Release|Any CPU
		{D820648C-19E1-474B-82EC-60413AB32776}.Debug|Any CPU.ActiveCfg = Debug|Any CPU
		{D820648C-19E1-474B-82EC-60413AB32776}.Debug|Any CPU.Build.0 = Debug|Any CPU
		{D820648C-19E1-474B-82EC-60413AB32776}.Release|Any CPU.ActiveCfg = Release|Any CPU
		{D820648C-19E1-474B-82EC-60413AB32776}.Release|Any CPU.Build.0 = Release|Any CPU
		{86D6D78A-A7CC-40B4-9024-8D2284F26570}.Debug|Any CPU.ActiveCfg = Debug|Any CPU
		{86D6D78A-A7CC-40B4-9024-8D2284F26570}.Debug|Any CPU.Build.0 = Debug|Any CPU
		{86D6D78A-A7CC-40B4-9024-8D2284F26570}.Release|Any CPU.ActiveCfg = Release|Any CPU
		{86D6D78A-A7CC-40B4-9024-8D2284F26570}.Release|Any CPU.Build.0 = Release|Any CPU
		{6ED726B3-1EED-4964-9532-C3717B8C70CB}.Debug|Any CPU.ActiveCfg = Debug|Any CPU
		{6ED726B3-1EED-4964-9532-C3717B8C70CB}.Debug|Any CPU.Build.0 = Debug|Any CPU
		{6ED726B3-1EED-4964-9532-C3717B8C70CB}.Release|Any CPU.ActiveCfg = Release|Any CPU
		{6ED726B3-1EED-4964-9532-C3717B8C70CB}.Release|Any CPU.Build.0 = Release|Any CPU
		{880BADC6-90C5-4492-B7B2-C01B86BA2B9B}.Debug|Any CPU.ActiveCfg = Debug|Any CPU
		{880BADC6-90C5-4492-B7B2-C01B86BA2B9B}.Debug|Any CPU.Build.0 = Debug|Any CPU
		{880BADC6-90C5-4492-B7B2-C01B86BA2B9B}.Release|Any CPU.ActiveCfg = Release|Any CPU
		{880BADC6-90C5-4492-B7B2-C01B86BA2B9B}.Release|Any CPU.Build.0 = Release|Any CPU
		{1EEB4A74-7966-433B-A8D4-96CFAB934D83}.Debug|Any CPU.ActiveCfg = Debug|Any CPU
		{1EEB4A74-7966-433B-A8D4-96CFAB934D83}.Debug|Any CPU.Build.0 = Debug|Any CPU
		{1EEB4A74-7966-433B-A8D4-96CFAB934D83}.Release|Any CPU.ActiveCfg = Release|Any CPU
		{1EEB4A74-7966-433B-A8D4-96CFAB934D83}.Release|Any CPU.Build.0 = Release|Any CPU
		{0F59DA66-F9E6-4BC2-ACF9-CE305A9EE9F7}.Debug|Any CPU.ActiveCfg = Debug|Any CPU
		{0F59DA66-F9E6-4BC2-ACF9-CE305A9EE9F7}.Debug|Any CPU.Build.0 = Debug|Any CPU
		{0F59DA66-F9E6-4BC2-ACF9-CE305A9EE9F7}.Release|Any CPU.ActiveCfg = Release|Any CPU
		{0F59DA66-F9E6-4BC2-ACF9-CE305A9EE9F7}.Release|Any CPU.Build.0 = Release|Any CPU
		{13E42051-453C-4E33-B8FA-3766C161D4EE}.Debug|Any CPU.ActiveCfg = Debug|Any CPU
		{13E42051-453C-4E33-B8FA-3766C161D4EE}.Debug|Any CPU.Build.0 = Debug|Any CPU
		{13E42051-453C-4E33-B8FA-3766C161D4EE}.Release|Any CPU.ActiveCfg = Release|Any CPU
		{13E42051-453C-4E33-B8FA-3766C161D4EE}.Release|Any CPU.Build.0 = Release|Any CPU
		{861453EF-6061-420D-A1B2-C7E2A90199A3}.Debug|Any CPU.ActiveCfg = Debug|Any CPU
		{861453EF-6061-420D-A1B2-C7E2A90199A3}.Debug|Any CPU.Build.0 = Debug|Any CPU
		{861453EF-6061-420D-A1B2-C7E2A90199A3}.Release|Any CPU.ActiveCfg = Release|Any CPU
		{861453EF-6061-420D-A1B2-C7E2A90199A3}.Release|Any CPU.Build.0 = Release|Any CPU
		{292A83F4-2BD0-4A68-BA81-E4D347137768}.Debug|Any CPU.ActiveCfg = Debug|Any CPU
		{292A83F4-2BD0-4A68-BA81-E4D347137768}.Debug|Any CPU.Build.0 = Debug|Any CPU
		{292A83F4-2BD0-4A68-BA81-E4D347137768}.Release|Any CPU.ActiveCfg = Release|Any CPU
		{292A83F4-2BD0-4A68-BA81-E4D347137768}.Release|Any CPU.Build.0 = Release|Any CPU
		{A2F6DC73-B385-43D8-BC5B-75641D1CD82B}.Debug|Any CPU.ActiveCfg = Debug|Any CPU
		{A2F6DC73-B385-43D8-BC5B-75641D1CD82B}.Debug|Any CPU.Build.0 = Debug|Any CPU
		{A2F6DC73-B385-43D8-BC5B-75641D1CD82B}.Release|Any CPU.ActiveCfg = Release|Any CPU
		{A2F6DC73-B385-43D8-BC5B-75641D1CD82B}.Release|Any CPU.Build.0 = Release|Any CPU
	EndGlobalSection
	GlobalSection(SolutionProperties) = preSolution
		HideSolutionNode = FALSE
	EndGlobalSection
EndGlobal
