
Microsoft Visual Studio Solution File, Format Version 12.00
# Visual Studio 14
VisualStudioVersion = 14.0.25420.1
MinimumVisualStudioVersion = 10.0.40219.1
Project("{FAE04EC0-301F-11D3-BF4B-00C04F79EFBC}") = "OddNumber", "Workshop_hw2\OddNumber.csproj", "{8C32065B-93BE-409F-BE2C-9D800C97BC76}"
EndProject
Project("{FAE04EC0-301F-11D3-BF4B-00C04F79EFBC}") = "Diameter", "Diameter\Diameter.csproj", "{7483F67E-4295-4A22-A0E5-D85F940992E0}"
EndProject
Project("{FAE04EC0-301F-11D3-BF4B-00C04F79EFBC}") = "Reconstruction", "Reconstruction\Reconstruction.csproj", "{89713368-EAB1-4317-9659-988957862C42}"
EndProject
Global
	GlobalSection(SolutionConfigurationPlatforms) = preSolution
		Debug|Any CPU = Debug|Any CPU
		Release|Any CPU = Release|Any CPU
	EndGlobalSection
	GlobalSection(ProjectConfigurationPlatforms) = postSolution
		{8C32065B-93BE-409F-BE2C-9D800C97BC76}.Debug|Any CPU.ActiveCfg = Debug|Any CPU
		{8C32065B-93BE-409F-BE2C-9D800C97BC76}.Debug|Any CPU.Build.0 = Debug|Any CPU
		{8C32065B-93BE-409F-BE2C-9D800C97BC76}.Release|Any CPU.ActiveCfg = Release|Any CPU
		{8C32065B-93BE-409F-BE2C-9D800C97BC76}.Release|Any CPU.Build.0 = Release|Any CPU
		{7483F67E-4295-4A22-A0E5-D85F940992E0}.Debug|Any CPU.ActiveCfg = Debug|Any CPU
		{7483F67E-4295-4A22-A0E5-D85F940992E0}.Debug|Any CPU.Build.0 = Debug|Any CPU
		{7483F67E-4295-4A22-A0E5-D85F940992E0}.Release|Any CPU.ActiveCfg = Release|Any CPU
		{7483F67E-4295-4A22-A0E5-D85F940992E0}.Release|Any CPU.Build.0 = Release|Any CPU
		{89713368-EAB1-4317-9659-988957862C42}.Debug|Any CPU.ActiveCfg = Debug|Any CPU
		{89713368-EAB1-4317-9659-988957862C42}.Debug|Any CPU.Build.0 = Debug|Any CPU
		{89713368-EAB1-4317-9659-988957862C42}.Release|Any CPU.ActiveCfg = Release|Any CPU
		{89713368-EAB1-4317-9659-988957862C42}.Release|Any CPU.Build.0 = Release|Any CPU
	EndGlobalSection
	GlobalSection(SolutionProperties) = preSolution
		HideSolutionNode = FALSE
	EndGlobalSection
EndGlobal
