
Microsoft Visual Studio Solution File, Format Version 12.00
# Visual Studio 14
VisualStudioVersion = 14.0.24720.0
MinimumVisualStudioVersion = 10.0.40219.1
Project("{FAE04EC0-301F-11D3-BF4B-00C04F79EFBC}") = "webFormsDefault", "webFormsDefault\webFormsDefault.csproj", "{14349FAD-FDAA-4480-A79E-6A1021FD807D}"
EndProject
Project("{FAE04EC0-301F-11D3-BF4B-00C04F79EFBC}") = "HelloAndPrintingPart", "HelloAndPrintingPart\HelloAndPrintingPart.csproj", "{53199B43-26F8-45AF-B12D-4FBB1FF9B35C}"
EndProject
Global
	GlobalSection(SolutionConfigurationPlatforms) = preSolution
		Debug|Any CPU = Debug|Any CPU
		Release|Any CPU = Release|Any CPU
	EndGlobalSection
	GlobalSection(ProjectConfigurationPlatforms) = postSolution
		{14349FAD-FDAA-4480-A79E-6A1021FD807D}.Debug|Any CPU.ActiveCfg = Debug|Any CPU
		{14349FAD-FDAA-4480-A79E-6A1021FD807D}.Debug|Any CPU.Build.0 = Debug|Any CPU
		{14349FAD-FDAA-4480-A79E-6A1021FD807D}.Release|Any CPU.ActiveCfg = Release|Any CPU
		{14349FAD-FDAA-4480-A79E-6A1021FD807D}.Release|Any CPU.Build.0 = Release|Any CPU
		{53199B43-26F8-45AF-B12D-4FBB1FF9B35C}.Debug|Any CPU.ActiveCfg = Debug|Any CPU
		{53199B43-26F8-45AF-B12D-4FBB1FF9B35C}.Debug|Any CPU.Build.0 = Debug|Any CPU
		{53199B43-26F8-45AF-B12D-4FBB1FF9B35C}.Release|Any CPU.ActiveCfg = Release|Any CPU
		{53199B43-26F8-45AF-B12D-4FBB1FF9B35C}.Release|Any CPU.Build.0 = Release|Any CPU
	EndGlobalSection
	GlobalSection(SolutionProperties) = preSolution
		HideSolutionNode = FALSE
	EndGlobalSection
EndGlobal
