
Microsoft Visual Studio Solution File, Format Version 12.00
# Visual Studio 14
VisualStudioVersion = 14.0.23107.0
MinimumVisualStudioVersion = 10.0.40219.1
Project("{FAE04EC0-301F-11D3-BF4B-00C04F79EFBC}") = "KnapsackProblem", "DynamicProgramming_HW\KnapsackProblem.csproj", "{42823897-D3BE-43D0-B9E9-944C3CDA4A41}"
EndProject
Project("{FAE04EC0-301F-11D3-BF4B-00C04F79EFBC}") = "MED", "MED\MED.csproj", "{A238763B-CC96-411E-96EE-CFA90590DAD4}"
EndProject
Global
	GlobalSection(SolutionConfigurationPlatforms) = preSolution
		Debug|Any CPU = Debug|Any CPU
		Release|Any CPU = Release|Any CPU
	EndGlobalSection
	GlobalSection(ProjectConfigurationPlatforms) = postSolution
		{42823897-D3BE-43D0-B9E9-944C3CDA4A41}.Debug|Any CPU.ActiveCfg = Debug|Any CPU
		{42823897-D3BE-43D0-B9E9-944C3CDA4A41}.Debug|Any CPU.Build.0 = Debug|Any CPU
		{42823897-D3BE-43D0-B9E9-944C3CDA4A41}.Release|Any CPU.ActiveCfg = Release|Any CPU
		{42823897-D3BE-43D0-B9E9-944C3CDA4A41}.Release|Any CPU.Build.0 = Release|Any CPU
		{A238763B-CC96-411E-96EE-CFA90590DAD4}.Debug|Any CPU.ActiveCfg = Debug|Any CPU
		{A238763B-CC96-411E-96EE-CFA90590DAD4}.Debug|Any CPU.Build.0 = Debug|Any CPU
		{A238763B-CC96-411E-96EE-CFA90590DAD4}.Release|Any CPU.ActiveCfg = Release|Any CPU
		{A238763B-CC96-411E-96EE-CFA90590DAD4}.Release|Any CPU.Build.0 = Release|Any CPU
	EndGlobalSection
	GlobalSection(SolutionProperties) = preSolution
		HideSolutionNode = FALSE
	EndGlobalSection
EndGlobal
