
Microsoft Visual Studio Solution File, Format Version 12.00
# Visual Studio 2013
VisualStudioVersion = 12.0.21005.1
MinimumVisualStudioVersion = 10.0.40219.1
Project("{FAE04EC0-301F-11D3-BF4B-00C04F79EFBC}") = "1.deCatCoding", "1.deCatCoding\1.deCatCoding.csproj", "{F875C2B3-CF3C-4EE0-8475-7901AC0E2645}"
EndProject
Project("{FAE04EC0-301F-11D3-BF4B-00C04F79EFBC}") = "2.IncAbsDifd", "02.IncAbsDifd\2.IncAbsDifd.csproj", "{8338388A-4F40-47D2-9DEF-F9CF1EFDEB99}"
EndProject
Project("{FAE04EC0-301F-11D3-BF4B-00C04F79EFBC}") = "3.BitShiftMatrix", "3.BitShiftMatrix\3.BitShiftMatrix.csproj", "{EE81B157-7F7A-40D3-AF17-402C92966697}"
EndProject
Project("{FAE04EC0-301F-11D3-BF4B-00C04F79EFBC}") = "4.CATastrphie", "4.CATastrphie\4.CATastrphie.csproj", "{D9B0474D-828B-407F-ABFB-1EF6543F346B}"
EndProject
Project("{FAE04EC0-301F-11D3-BF4B-00C04F79EFBC}") = "5.SingingCats", "5.SingingCats\5.SingingCats.csproj", "{5C863567-38C9-4A2B-B275-061E8C7F313E}"
EndProject
Global
	GlobalSection(SolutionConfigurationPlatforms) = preSolution
		Debug|Any CPU = Debug|Any CPU
		Release|Any CPU = Release|Any CPU
	EndGlobalSection
	GlobalSection(ProjectConfigurationPlatforms) = postSolution
		{F875C2B3-CF3C-4EE0-8475-7901AC0E2645}.Debug|Any CPU.ActiveCfg = Debug|Any CPU
		{F875C2B3-CF3C-4EE0-8475-7901AC0E2645}.Debug|Any CPU.Build.0 = Debug|Any CPU
		{F875C2B3-CF3C-4EE0-8475-7901AC0E2645}.Release|Any CPU.ActiveCfg = Release|Any CPU
		{F875C2B3-CF3C-4EE0-8475-7901AC0E2645}.Release|Any CPU.Build.0 = Release|Any CPU
		{8338388A-4F40-47D2-9DEF-F9CF1EFDEB99}.Debug|Any CPU.ActiveCfg = Debug|Any CPU
		{8338388A-4F40-47D2-9DEF-F9CF1EFDEB99}.Debug|Any CPU.Build.0 = Debug|Any CPU
		{8338388A-4F40-47D2-9DEF-F9CF1EFDEB99}.Release|Any CPU.ActiveCfg = Release|Any CPU
		{8338388A-4F40-47D2-9DEF-F9CF1EFDEB99}.Release|Any CPU.Build.0 = Release|Any CPU
		{EE81B157-7F7A-40D3-AF17-402C92966697}.Debug|Any CPU.ActiveCfg = Debug|Any CPU
		{EE81B157-7F7A-40D3-AF17-402C92966697}.Debug|Any CPU.Build.0 = Debug|Any CPU
		{EE81B157-7F7A-40D3-AF17-402C92966697}.Release|Any CPU.ActiveCfg = Release|Any CPU
		{EE81B157-7F7A-40D3-AF17-402C92966697}.Release|Any CPU.Build.0 = Release|Any CPU
		{D9B0474D-828B-407F-ABFB-1EF6543F346B}.Debug|Any CPU.ActiveCfg = Debug|Any CPU
		{D9B0474D-828B-407F-ABFB-1EF6543F346B}.Debug|Any CPU.Build.0 = Debug|Any CPU
		{D9B0474D-828B-407F-ABFB-1EF6543F346B}.Release|Any CPU.ActiveCfg = Release|Any CPU
		{D9B0474D-828B-407F-ABFB-1EF6543F346B}.Release|Any CPU.Build.0 = Release|Any CPU
		{5C863567-38C9-4A2B-B275-061E8C7F313E}.Debug|Any CPU.ActiveCfg = Debug|Any CPU
		{5C863567-38C9-4A2B-B275-061E8C7F313E}.Debug|Any CPU.Build.0 = Debug|Any CPU
		{5C863567-38C9-4A2B-B275-061E8C7F313E}.Release|Any CPU.ActiveCfg = Release|Any CPU
		{5C863567-38C9-4A2B-B275-061E8C7F313E}.Release|Any CPU.Build.0 = Release|Any CPU
	EndGlobalSection
	GlobalSection(SolutionProperties) = preSolution
		HideSolutionNode = FALSE
	EndGlobalSection
EndGlobal
