
Microsoft Visual Studio Solution File, Format Version 12.00
# Visual Studio 14
VisualStudioVersion = 14.0.23107.0
MinimumVisualStudioVersion = 10.0.40219.1
Project("{FAE04EC0-301F-11D3-BF4B-00C04F79EFBC}") = "01.RecursiveNestedLoops", "01.RecursiveNestedLoops\01.RecursiveNestedLoops.csproj", "{724EA2C9-2B36-4224-9E7F-5315DC7E4FF5}"
EndProject
Project("{FAE04EC0-301F-11D3-BF4B-00C04F79EFBC}") = "02. CombinationsWithDuplicates", "02. CombinationsWithDuplicates\02. CombinationsWithDuplicates.csproj", "{40898855-D7EF-46BD-91BC-2201A7532CCC}"
EndProject
Project("{FAE04EC0-301F-11D3-BF4B-00C04F79EFBC}") = "03. CombinationsWithoutDuplicates", "03. CombinationsWithoutDuplicates\03. CombinationsWithoutDuplicates.csproj", "{F3079A3C-D066-4A1E-B226-F568CA34045D}"
EndProject
Project("{FAE04EC0-301F-11D3-BF4B-00C04F79EFBC}") = "04. Permutations", "04. Permutations\04. Permutations.csproj", "{D973FB56-B47F-4EF7-A025-29658667904B}"
EndProject
Project("{FAE04EC0-301F-11D3-BF4B-00C04F79EFBC}") = "05. Variations", "05. Variations\05. Variations.csproj", "{7C0C58D9-72D8-4AAE-B320-171AC1F6B3AC}"
EndProject
Project("{FAE04EC0-301F-11D3-BF4B-00C04F79EFBC}") = "06. SubsetStrings", "06. SubsetStrings\06. SubsetStrings.csproj", "{A8AE1E28-A5D6-4F51-B988-5ED5CE00F3F3}"
EndProject
Global
	GlobalSection(SolutionConfigurationPlatforms) = preSolution
		Debug|Any CPU = Debug|Any CPU
		Release|Any CPU = Release|Any CPU
	EndGlobalSection
	GlobalSection(ProjectConfigurationPlatforms) = postSolution
		{724EA2C9-2B36-4224-9E7F-5315DC7E4FF5}.Debug|Any CPU.ActiveCfg = Debug|Any CPU
		{724EA2C9-2B36-4224-9E7F-5315DC7E4FF5}.Debug|Any CPU.Build.0 = Debug|Any CPU
		{724EA2C9-2B36-4224-9E7F-5315DC7E4FF5}.Release|Any CPU.ActiveCfg = Release|Any CPU
		{724EA2C9-2B36-4224-9E7F-5315DC7E4FF5}.Release|Any CPU.Build.0 = Release|Any CPU
		{40898855-D7EF-46BD-91BC-2201A7532CCC}.Debug|Any CPU.ActiveCfg = Debug|Any CPU
		{40898855-D7EF-46BD-91BC-2201A7532CCC}.Debug|Any CPU.Build.0 = Debug|Any CPU
		{40898855-D7EF-46BD-91BC-2201A7532CCC}.Release|Any CPU.ActiveCfg = Release|Any CPU
		{40898855-D7EF-46BD-91BC-2201A7532CCC}.Release|Any CPU.Build.0 = Release|Any CPU
		{F3079A3C-D066-4A1E-B226-F568CA34045D}.Debug|Any CPU.ActiveCfg = Debug|Any CPU
		{F3079A3C-D066-4A1E-B226-F568CA34045D}.Debug|Any CPU.Build.0 = Debug|Any CPU
		{F3079A3C-D066-4A1E-B226-F568CA34045D}.Release|Any CPU.ActiveCfg = Release|Any CPU
		{F3079A3C-D066-4A1E-B226-F568CA34045D}.Release|Any CPU.Build.0 = Release|Any CPU
		{D973FB56-B47F-4EF7-A025-29658667904B}.Debug|Any CPU.ActiveCfg = Debug|Any CPU
		{D973FB56-B47F-4EF7-A025-29658667904B}.Debug|Any CPU.Build.0 = Debug|Any CPU
		{D973FB56-B47F-4EF7-A025-29658667904B}.Release|Any CPU.ActiveCfg = Release|Any CPU
		{D973FB56-B47F-4EF7-A025-29658667904B}.Release|Any CPU.Build.0 = Release|Any CPU
		{7C0C58D9-72D8-4AAE-B320-171AC1F6B3AC}.Debug|Any CPU.ActiveCfg = Debug|Any CPU
		{7C0C58D9-72D8-4AAE-B320-171AC1F6B3AC}.Debug|Any CPU.Build.0 = Debug|Any CPU
		{7C0C58D9-72D8-4AAE-B320-171AC1F6B3AC}.Release|Any CPU.ActiveCfg = Release|Any CPU
		{7C0C58D9-72D8-4AAE-B320-171AC1F6B3AC}.Release|Any CPU.Build.0 = Release|Any CPU
		{A8AE1E28-A5D6-4F51-B988-5ED5CE00F3F3}.Debug|Any CPU.ActiveCfg = Debug|Any CPU
		{A8AE1E28-A5D6-4F51-B988-5ED5CE00F3F3}.Debug|Any CPU.Build.0 = Debug|Any CPU
		{A8AE1E28-A5D6-4F51-B988-5ED5CE00F3F3}.Release|Any CPU.ActiveCfg = Release|Any CPU
		{A8AE1E28-A5D6-4F51-B988-5ED5CE00F3F3}.Release|Any CPU.Build.0 = Release|Any CPU
	EndGlobalSection
	GlobalSection(SolutionProperties) = preSolution
		HideSolutionNode = FALSE
	EndGlobalSection
EndGlobal
